
Microsoft Visual Studio Solution File, Format Version 12.00
# Visual Studio 15
VisualStudioVersion = 15.0.27004.2005
MinimumVisualStudioVersion = 10.0.40219.1
Project("{FAE04EC0-301F-11D3-BF4B-00C04F79EFBC}") = "Week12", "Week12\Week12.csproj", "{12F107AA-75B9-4ADC-8550-AA99E5429C88}"
EndProject
Global
	GlobalSection(SolutionConfigurationPlatforms) = preSolution
		Debug|Any CPU = Debug|Any CPU
		Release|Any CPU = Release|Any CPU
	EndGlobalSection
	GlobalSection(ProjectConfigurationPlatforms) = postSolution
		{12F107AA-75B9-4ADC-8550-AA99E5429C88}.Debug|Any CPU.ActiveCfg = Debug|Any CPU
		{12F107AA-75B9-4ADC-8550-AA99E5429C88}.Debug|Any CPU.Build.0 = Debug|Any CPU
		{12F107AA-75B9-4ADC-8550-AA99E5429C88}.Release|Any CPU.ActiveCfg = Release|Any CPU
		{12F107AA-75B9-4ADC-8550-AA99E5429C88}.Release|Any CPU.Build.0 = Release|Any CPU
	EndGlobalSection
	GlobalSection(SolutionProperties) = preSolution
		HideSolutionNode = FALSE
	EndGlobalSection
	GlobalSection(ExtensibilityGlobals) = postSolution
		SolutionGuid = {0B336340-9F2F-4B8E-8B24-63FCC77FA310}
	EndGlobalSection
EndGlobal
